<?xml version="1.0" encoding="utf-8"?>
<Project ToolsVersion="4.0" xmlns="http://schemas.microsoft.com/developer/msbuild/2003">
  <ItemGroup>
    <Filter Include="Исходные файлы">
      <UniqueIdentifier>{4FC737F1-C7A5-4376-A066-2A32D752A2FF}</UniqueIdentifier>
      <Extensions>cpp;c;cc;cxx;c++;cppm;ixx;def;odl;idl;hpj;bat;asm;asmx</Extensions>
    </Filter>
    <Filter Include="Файлы заголовков">
      <UniqueIdentifier>{93995380-89BD-4b04-88EB-625FBE52EBFB}</UniqueIdentifier>
      <Extensions>h;hh;hpp;hxx;h++;hm;inl;inc;ipp;xsd</Extensions>
    </Filter>
    <Filter Include="Файлы ресурсов">
      <UniqueIdentifier>{67DA6AB6-F800-4c08-8B7A-83BB121AAD01}</UniqueIdentifier>
      <Extensions>rc;ico;cur;bmp;dlg;rc2;rct;bin;rgs;gif;jpg;jpeg;jpe;resx;tiff;tif;png;wav;mfcribbon-ms</Extensions>
    </Filter>
    <Filter Include="Файлы заголовков\MainWindow">
      <UniqueIdentifier>{a1894839-0be7-4294-9d58-50892e86c6b5}</UniqueIdentifier>
    </Filter>
    <Filter Include="Исходные файлы\MainWindow">
      <UniqueIdentifier>{596a64f7-85c4-4ef4-b87b-c10ee7050e54}</UniqueIdentifier>
    </Filter>
    <Filter Include="Файлы заголовков\Interfaces">
      <UniqueIdentifier>{91caf225-9e56-43a7-9fc0-b8c56ab53336}</UniqueIdentifier>
    </Filter>
    <Filter Include="Исходные файлы\Direct2D">
      <UniqueIdentifier>{2fb5d66f-07ef-4cbf-855a-68ec4dde33e6}</UniqueIdentifier>
    </Filter>
    <Filter Include="Файлы заголовков\Direct2D">
      <UniqueIdentifier>{194d5bcc-eb9e-4534-bbea-764fa9263f11}</UniqueIdentifier>
    </Filter>
    <Filter Include="Файлы заголовков\Geometry">
      <UniqueIdentifier>{80143320-a45d-4ae6-9524-4fc17dd384a0}</UniqueIdentifier>
    </Filter>
    <Filter Include="Файлы заголовков\Abstract">
      <UniqueIdentifier>{512707b1-8610-4309-99f2-860ad17610ae}</UniqueIdentifier>
    </Filter>
    <Filter Include="Файлы заголовков\Auxiliary">
      <UniqueIdentifier>{d5235f4b-c0a9-48f6-8140-8b0a9afe6a6a}</UniqueIdentifier>
    </Filter>
  </ItemGroup>
  <ItemGroup>
    <ClInclude Include="MainWindow\MainWindow.hpp">
      <Filter>Файлы заголовков\MainWindow</Filter>
    </ClInclude>
    <ClInclude Include="Game.hpp">
      <Filter>Файлы заголовков</Filter>
    </ClInclude>
    <ClInclude Include="IGraphics2D.hpp">
      <Filter>Файлы заголовков\Interfaces</Filter>
    </ClInclude>
    <ClInclude Include="Direct2DFactory.hpp">
      <Filter>Файлы заголовков\Direct2D</Filter>
    </ClInclude>
    <ClInclude Include="GraphicsDirect2D.hpp">
      <Filter>Файлы заголовков\Direct2D</Filter>
    </ClInclude>
    <ClInclude Include="IWindow.hpp">
      <Filter>Файлы заголовков\Interfaces</Filter>
    </ClInclude>
    <ClInclude Include="WinKey.hpp">
      <Filter>Файлы заголовков</Filter>
    </ClInclude>
    <ClInclude Include="Rectangle2D.hpp">
      <Filter>Файлы заголовков\Geometry</Filter>
    </ClInclude>
    <ClInclude Include="Vector2D.hpp">
      <Filter>Файлы заголовков\Geometry</Filter>
    </ClInclude>
    <ClInclude Include="KeyColor.hpp">
      <Filter>Файлы заголовков</Filter>
    </ClInclude>
    <ClInclude Include="FrameTimer.hpp">
      <Filter>Файлы заголовков</Filter>
    </ClInclude>
    <ClInclude Include="IFramableGraphics2D.hpp">
      <Filter>Файлы заголовков\Interfaces</Filter>
    </ClInclude>
    <ClInclude Include="Auxiliry.hpp">
      <Filter>Файлы заголовков\Geometry</Filter>
    </ClInclude>
    <ClInclude Include="Surface.hpp">
      <Filter>Файлы заголовков</Filter>
    </ClInclude>
    <ClInclude Include="Animation.hpp">
      <Filter>Файлы заголовков</Filter>
    </ClInclude>
    <ClInclude Include="Mouse.hpp">
      <Filter>Файлы заголовков</Filter>
    </ClInclude>
    <ClInclude Include="Collidable.hpp">
      <Filter>Файлы заголовков\Abstract</Filter>
    </ClInclude>
    <ClInclude Include="ContiguousIterator.hpp">
      <Filter>Файлы заголовков\Auxiliary</Filter>
    </ClInclude>
    <ClInclude Include="IteratorCommonTraits.hpp">
      <Filter>Файлы заголовков\Auxiliary</Filter>
    </ClInclude>
    <ClInclude Include="SurfaceView.hpp">
      <Filter>Файлы заголовков</Filter>
    </ClInclude>
    <ClInclude Include="AnimationFrames.hpp">
      <Filter>Файлы заголовков</Filter>
    </ClInclude>
    <ClInclude Include="AnimationFramesView.hpp">
      <Filter>Файлы заголовков</Filter>
    </ClInclude>
  </ItemGroup>
  <ItemGroup>
    <ClCompile Include="MainWindow\MainWindow.cpp">
      <Filter>Исходные файлы\MainWindow</Filter>
    </ClCompile>
    <ClCompile Include="Game.cpp">
      <Filter>Исходные файлы</Filter>
    </ClCompile>
    <ClCompile Include="WinMain.cpp">
      <Filter>Исходные файлы</Filter>
    </ClCompile>
    <ClCompile Include="Direct2DFactory.cpp">
      <Filter>Исходные файлы\Direct2D</Filter>
    </ClCompile>
    <ClCompile Include="GraphicsDirect2D.cpp">
      <Filter>Исходные файлы\Direct2D</Filter>
    </ClCompile>
    <ClCompile Include="Surface.cpp">
      <Filter>Исходные файлы</Filter>
    </ClCompile>
    <ClCompile Include="Animation.cpp">
      <Filter>Исходные файлы</Filter>
    </ClCompile>
    <ClCompile Include="AnimationFrames.cpp">
      <Filter>Исходные файлы</Filter>
    </ClCompile>
  </ItemGroup>
</Project>